
Microsoft Visual Studio Solution File, Format Version 12.00
# Visual Studio Version 16
VisualStudioVersion = 16.0.30320.27
MinimumVisualStudioVersion = 10.0.40219.1
Project("{FAE04EC0-301F-11D3-BF4B-00C04F79EFBC}") = "Example_RealTime_Chart", "Example_RealTime_Chart\Example_RealTime_Chart.csproj", "{3FC47D8B-BADB-497C-BDDE-BC8F42AD8256}"
EndProject
Global
	GlobalSection(SolutionConfigurationPlatforms) = preSolution
		Debug|Any CPU = Debug|Any CPU
		Release|Any CPU = Release|Any CPU
	EndGlobalSection
	GlobalSection(ProjectConfigurationPlatforms) = postSolution
		{3FC47D8B-BADB-497C-BDDE-BC8F42AD8256}.Debug|Any CPU.ActiveCfg = Debug|Any CPU
		{3FC47D8B-BADB-497C-BDDE-BC8F42AD8256}.Debug|Any CPU.Build.0 = Debug|Any CPU
		{3FC47D8B-BADB-497C-BDDE-BC8F42AD8256}.Release|Any CPU.ActiveCfg = Release|Any CPU
		{3FC47D8B-BADB-497C-BDDE-BC8F42AD8256}.Release|Any CPU.Build.0 = Release|Any CPU
	EndGlobalSection
	GlobalSection(SolutionProperties) = preSolution
		HideSolutionNode = FALSE
	EndGlobalSection
	GlobalSection(ExtensibilityGlobals) = postSolution
		SolutionGuid = {2BDB40D4-A7C1-4EF7-8E4C-E5E755F2DF58}
	EndGlobalSection
EndGlobal
